// !$*UTF8*$!
{
	archiveVersion = 1;
	classes = {
	};
	objectVersion = 46;
	objects = {

/* Begin PBXBuildFile section */
		C3073AE41BE2C77C00EC89B7 /* AIRBugsee.m in Sources */ = {isa = PBXBuildFile; fileRef = C3073AD71BE2C77C00EC89B7 /* AIRBugsee.m */; };
		C3073AE81BE2C77C00EC89B7 /* InitFunc.m in Sources */ = {isa = PBXBuildFile; fileRef = C3073AE21BE2C77C00EC89B7 /* InitFunc.m */; };
		C37509FA1C79388900516C15 /* AIRExtHelpers.framework in Frameworks */ = {isa = PBXBuildFile; fileRef = C37509F91C79388900516C15 /* AIRExtHelpers.framework */; };
		C3CEC8AF21AC4F550031C8C0 /* RelaunchFunc.m in Sources */ = {isa = PBXBuildFile; fileRef = C3CEC8AE21AC4F540031C8C0 /* RelaunchFunc.m */; };
		C3DD09362244C0B70071728A /* ShowFeedbackControllerFunc.m in Sources */ = {isa = PBXBuildFile; fileRef = C3DD09352244C0B70071728A /* ShowFeedbackControllerFunc.m */; };
		C3DD09392244C2C00071728A /* SetDefaultFeedbackGreetingFunc.m in Sources */ = {isa = PBXBuildFile; fileRef = C3DD09382244C2C00071728A /* SetDefaultFeedbackGreetingFunc.m */; };
		C3EA007A21A9EE2200D5804A /* LogErrorFunc.m in Sources */ = {isa = PBXBuildFile; fileRef = C3EA007921A9EE2200D5804A /* LogErrorFunc.m */; };
		C3EA007D21A9EE3B00D5804A /* LogEventFunc.m in Sources */ = {isa = PBXBuildFile; fileRef = C3EA007C21A9EE3B00D5804A /* LogEventFunc.m */; };
		C3EA008021A9EE5200D5804A /* AddAttachmentFunc.m in Sources */ = {isa = PBXBuildFile; fileRef = C3EA007F21A9EE5200D5804A /* AddAttachmentFunc.m */; };
		C3EA008321A9EE6400D5804A /* SetAttributeFunc.m in Sources */ = {isa = PBXBuildFile; fileRef = C3EA008221A9EE6400D5804A /* SetAttributeFunc.m */; };
		C3EA008621A9EE7B00D5804A /* ClearAttributeFunc.m in Sources */ = {isa = PBXBuildFile; fileRef = C3EA008521A9EE7B00D5804A /* ClearAttributeFunc.m */; };
		C3EA008921A9EE8B00D5804A /* ClearAttributesFunc.m in Sources */ = {isa = PBXBuildFile; fileRef = C3EA008821A9EE8B00D5804A /* ClearAttributesFunc.m */; };
		C3EA008B21A9EF0500D5804A /* Bugsee.framework in Frameworks */ = {isa = PBXBuildFile; fileRef = C3EA008A21A9EF0500D5804A /* Bugsee.framework */; };
		C3EA008E21AAA1A200D5804A /* LogToConsoleFunc.m in Sources */ = {isa = PBXBuildFile; fileRef = C3EA008D21AAA1A200D5804A /* LogToConsoleFunc.m */; };
		C3EA009121AAA3F900D5804A /* AIRBugseeAttachment.m in Sources */ = {isa = PBXBuildFile; fileRef = C3EA009021AAA3F900D5804A /* AIRBugseeAttachment.m */; };
		C3EA009421AAA84000D5804A /* IsTestFlightFunc.m in Sources */ = {isa = PBXBuildFile; fileRef = C3EA009321AAA84000D5804A /* IsTestFlightFunc.m */; };
		C3EA009721AADE5800D5804A /* StopFunc.m in Sources */ = {isa = PBXBuildFile; fileRef = C3EA009621AADE5800D5804A /* StopFunc.m */; };
/* End PBXBuildFile section */

/* Begin PBXCopyFilesBuildPhase section */
		C35331DC1B7BCE8A003A7521 /* CopyFiles */ = {
			isa = PBXCopyFilesBuildPhase;
			buildActionMask = 2147483647;
			dstPath = "include/$(PRODUCT_NAME)";
			dstSubfolderSpec = 16;
			files = (
			);
			runOnlyForDeploymentPostprocessing = 0;
		};
/* End PBXCopyFilesBuildPhase section */

/* Begin PBXFileReference section */
		C3073AD61BE2C77C00EC89B7 /* AIRBugsee.h */ = {isa = PBXFileReference; fileEncoding = 4; lastKnownFileType = sourcecode.c.h; path = AIRBugsee.h; sourceTree = "<group>"; };
		C3073AD71BE2C77C00EC89B7 /* AIRBugsee.m */ = {isa = PBXFileReference; fileEncoding = 4; lastKnownFileType = sourcecode.c.objc; path = AIRBugsee.m; sourceTree = "<group>"; };
		C3073AE11BE2C77C00EC89B7 /* InitFunc.h */ = {isa = PBXFileReference; fileEncoding = 4; lastKnownFileType = sourcecode.c.h; path = InitFunc.h; sourceTree = "<group>"; };
		C3073AE21BE2C77C00EC89B7 /* InitFunc.m */ = {isa = PBXFileReference; fileEncoding = 4; lastKnownFileType = sourcecode.c.objc; path = InitFunc.m; sourceTree = "<group>"; };
		C35331DE1B7BCE8A003A7521 /* libBugsee.a */ = {isa = PBXFileReference; explicitFileType = archive.ar; includeInIndex = 0; path = libBugsee.a; sourceTree = BUILT_PRODUCTS_DIR; };
		C37509F91C79388900516C15 /* AIRExtHelpers.framework */ = {isa = PBXFileReference; lastKnownFileType = wrapper.framework; path = AIRExtHelpers.framework; sourceTree = "<group>"; };
		C3CEC8AD21AC4F540031C8C0 /* RelaunchFunc.h */ = {isa = PBXFileReference; lastKnownFileType = sourcecode.c.h; path = RelaunchFunc.h; sourceTree = "<group>"; };
		C3CEC8AE21AC4F540031C8C0 /* RelaunchFunc.m */ = {isa = PBXFileReference; lastKnownFileType = sourcecode.c.objc; path = RelaunchFunc.m; sourceTree = "<group>"; };
		C3DD09342244C0B70071728A /* ShowFeedbackControllerFunc.h */ = {isa = PBXFileReference; lastKnownFileType = sourcecode.c.h; path = ShowFeedbackControllerFunc.h; sourceTree = "<group>"; };
		C3DD09352244C0B70071728A /* ShowFeedbackControllerFunc.m */ = {isa = PBXFileReference; lastKnownFileType = sourcecode.c.objc; path = ShowFeedbackControllerFunc.m; sourceTree = "<group>"; };
		C3DD09372244C2C00071728A /* SetDefaultFeedbackGreetingFunc.h */ = {isa = PBXFileReference; lastKnownFileType = sourcecode.c.h; path = SetDefaultFeedbackGreetingFunc.h; sourceTree = "<group>"; };
		C3DD09382244C2C00071728A /* SetDefaultFeedbackGreetingFunc.m */ = {isa = PBXFileReference; lastKnownFileType = sourcecode.c.objc; path = SetDefaultFeedbackGreetingFunc.m; sourceTree = "<group>"; };
		C3EA007821A9EE2200D5804A /* LogErrorFunc.h */ = {isa = PBXFileReference; lastKnownFileType = sourcecode.c.h; path = LogErrorFunc.h; sourceTree = "<group>"; };
		C3EA007921A9EE2200D5804A /* LogErrorFunc.m */ = {isa = PBXFileReference; lastKnownFileType = sourcecode.c.objc; path = LogErrorFunc.m; sourceTree = "<group>"; };
		C3EA007B21A9EE3B00D5804A /* LogEventFunc.h */ = {isa = PBXFileReference; lastKnownFileType = sourcecode.c.h; path = LogEventFunc.h; sourceTree = "<group>"; };
		C3EA007C21A9EE3B00D5804A /* LogEventFunc.m */ = {isa = PBXFileReference; lastKnownFileType = sourcecode.c.objc; path = LogEventFunc.m; sourceTree = "<group>"; };
		C3EA007E21A9EE5200D5804A /* AddAttachmentFunc.h */ = {isa = PBXFileReference; lastKnownFileType = sourcecode.c.h; path = AddAttachmentFunc.h; sourceTree = "<group>"; };
		C3EA007F21A9EE5200D5804A /* AddAttachmentFunc.m */ = {isa = PBXFileReference; lastKnownFileType = sourcecode.c.objc; path = AddAttachmentFunc.m; sourceTree = "<group>"; };
		C3EA008121A9EE6400D5804A /* SetAttributeFunc.h */ = {isa = PBXFileReference; lastKnownFileType = sourcecode.c.h; path = SetAttributeFunc.h; sourceTree = "<group>"; };
		C3EA008221A9EE6400D5804A /* SetAttributeFunc.m */ = {isa = PBXFileReference; lastKnownFileType = sourcecode.c.objc; path = SetAttributeFunc.m; sourceTree = "<group>"; };
		C3EA008421A9EE7B00D5804A /* ClearAttributeFunc.h */ = {isa = PBXFileReference; lastKnownFileType = sourcecode.c.h; path = ClearAttributeFunc.h; sourceTree = "<group>"; };
		C3EA008521A9EE7B00D5804A /* ClearAttributeFunc.m */ = {isa = PBXFileReference; lastKnownFileType = sourcecode.c.objc; path = ClearAttributeFunc.m; sourceTree = "<group>"; };
		C3EA008721A9EE8B00D5804A /* ClearAttributesFunc.h */ = {isa = PBXFileReference; lastKnownFileType = sourcecode.c.h; path = ClearAttributesFunc.h; sourceTree = "<group>"; };
		C3EA008821A9EE8B00D5804A /* ClearAttributesFunc.m */ = {isa = PBXFileReference; lastKnownFileType = sourcecode.c.objc; path = ClearAttributesFunc.m; sourceTree = "<group>"; };
		C3EA008A21A9EF0500D5804A /* Bugsee.framework */ = {isa = PBXFileReference; lastKnownFileType = wrapper.framework; path = Bugsee.framework; sourceTree = "<group>"; };
		C3EA008C21AAA1A200D5804A /* LogToConsoleFunc.h */ = {isa = PBXFileReference; lastKnownFileType = sourcecode.c.h; path = LogToConsoleFunc.h; sourceTree = "<group>"; };
		C3EA008D21AAA1A200D5804A /* LogToConsoleFunc.m */ = {isa = PBXFileReference; lastKnownFileType = sourcecode.c.objc; path = LogToConsoleFunc.m; sourceTree = "<group>"; };
		C3EA008F21AAA3F900D5804A /* AIRBugseeAttachment.h */ = {isa = PBXFileReference; lastKnownFileType = sourcecode.c.h; path = AIRBugseeAttachment.h; sourceTree = "<group>"; };
		C3EA009021AAA3F900D5804A /* AIRBugseeAttachment.m */ = {isa = PBXFileReference; lastKnownFileType = sourcecode.c.objc; path = AIRBugseeAttachment.m; sourceTree = "<group>"; };
		C3EA009221AAA84000D5804A /* IsTestFlightFunc.h */ = {isa = PBXFileReference; lastKnownFileType = sourcecode.c.h; path = IsTestFlightFunc.h; sourceTree = "<group>"; };
		C3EA009321AAA84000D5804A /* IsTestFlightFunc.m */ = {isa = PBXFileReference; lastKnownFileType = sourcecode.c.objc; path = IsTestFlightFunc.m; sourceTree = "<group>"; };
		C3EA009521AADE5800D5804A /* StopFunc.h */ = {isa = PBXFileReference; lastKnownFileType = sourcecode.c.h; path = StopFunc.h; sourceTree = "<group>"; };
		C3EA009621AADE5800D5804A /* StopFunc.m */ = {isa = PBXFileReference; lastKnownFileType = sourcecode.c.objc; path = StopFunc.m; sourceTree = "<group>"; };
/* End PBXFileReference section */

/* Begin PBXFrameworksBuildPhase section */
		C35331DB1B7BCE8A003A7521 /* Frameworks */ = {
			isa = PBXFrameworksBuildPhase;
			buildActionMask = 2147483647;
			files = (
				C37509FA1C79388900516C15 /* AIRExtHelpers.framework in Frameworks */,
				C3EA008B21A9EF0500D5804A /* Bugsee.framework in Frameworks */,
			);
			runOnlyForDeploymentPostprocessing = 0;
		};
/* End PBXFrameworksBuildPhase section */

/* Begin PBXGroup section */
		C3073AD51BE2C77C00EC89B7 /* Bugsee */ = {
			isa = PBXGroup;
			children = (
				C37509F81C79388900516C15 /* Frameworks */,
				C3073AD61BE2C77C00EC89B7 /* AIRBugsee.h */,
				C3073AD71BE2C77C00EC89B7 /* AIRBugsee.m */,
				C3EA008F21AAA3F900D5804A /* AIRBugseeAttachment.h */,
				C3EA009021AAA3F900D5804A /* AIRBugseeAttachment.m */,
				C3073ADC1BE2C77C00EC89B7 /* Data */,
				C3073AE01BE2C77C00EC89B7 /* Functions */,
			);
			path = Bugsee;
			sourceTree = "<group>";
		};
		C3073ADC1BE2C77C00EC89B7 /* Data */ = {
			isa = PBXGroup;
			children = (
			);
			path = Data;
			sourceTree = "<group>";
		};
		C3073AE01BE2C77C00EC89B7 /* Functions */ = {
			isa = PBXGroup;
			children = (
				C3073AE11BE2C77C00EC89B7 /* InitFunc.h */,
				C3073AE21BE2C77C00EC89B7 /* InitFunc.m */,
				C3EA007821A9EE2200D5804A /* LogErrorFunc.h */,
				C3EA007921A9EE2200D5804A /* LogErrorFunc.m */,
				C3EA007B21A9EE3B00D5804A /* LogEventFunc.h */,
				C3EA007C21A9EE3B00D5804A /* LogEventFunc.m */,
				C3EA007E21A9EE5200D5804A /* AddAttachmentFunc.h */,
				C3EA007F21A9EE5200D5804A /* AddAttachmentFunc.m */,
				C3EA008121A9EE6400D5804A /* SetAttributeFunc.h */,
				C3EA008221A9EE6400D5804A /* SetAttributeFunc.m */,
				C3EA008421A9EE7B00D5804A /* ClearAttributeFunc.h */,
				C3EA008521A9EE7B00D5804A /* ClearAttributeFunc.m */,
				C3EA008721A9EE8B00D5804A /* ClearAttributesFunc.h */,
				C3EA008821A9EE8B00D5804A /* ClearAttributesFunc.m */,
				C3EA008C21AAA1A200D5804A /* LogToConsoleFunc.h */,
				C3EA008D21AAA1A200D5804A /* LogToConsoleFunc.m */,
				C3EA009221AAA84000D5804A /* IsTestFlightFunc.h */,
				C3EA009321AAA84000D5804A /* IsTestFlightFunc.m */,
				C3EA009521AADE5800D5804A /* StopFunc.h */,
				C3EA009621AADE5800D5804A /* StopFunc.m */,
				C3CEC8AD21AC4F540031C8C0 /* RelaunchFunc.h */,
				C3CEC8AE21AC4F540031C8C0 /* RelaunchFunc.m */,
				C3DD09342244C0B70071728A /* ShowFeedbackControllerFunc.h */,
				C3DD09352244C0B70071728A /* ShowFeedbackControllerFunc.m */,
				C3DD09372244C2C00071728A /* SetDefaultFeedbackGreetingFunc.h */,
				C3DD09382244C2C00071728A /* SetDefaultFeedbackGreetingFunc.m */,
			);
			path = Functions;
			sourceTree = "<group>";
		};
		C35331D51B7BCE8A003A7521 = {
			isa = PBXGroup;
			children = (
				C3073AD51BE2C77C00EC89B7 /* Bugsee */,
				C35331DF1B7BCE8A003A7521 /* Products */,
			);
			sourceTree = "<group>";
		};
		C35331DF1B7BCE8A003A7521 /* Products */ = {
			isa = PBXGroup;
			children = (
				C35331DE1B7BCE8A003A7521 /* libBugsee.a */,
			);
			name = Products;
			sourceTree = "<group>";
		};
		C37509F81C79388900516C15 /* Frameworks */ = {
			isa = PBXGroup;
			children = (
				C3EA008A21A9EF0500D5804A /* Bugsee.framework */,
				C37509F91C79388900516C15 /* AIRExtHelpers.framework */,
			);
			path = Frameworks;
			sourceTree = "<group>";
		};
/* End PBXGroup section */

/* Begin PBXNativeTarget section */
		C35331DD1B7BCE8A003A7521 /* Bugsee */ = {
			isa = PBXNativeTarget;
			buildConfigurationList = C35331F21B7BCE8A003A7521 /* Build configuration list for PBXNativeTarget "Bugsee" */;
			buildPhases = (
				C35331DA1B7BCE8A003A7521 /* Sources */,
				C35331DB1B7BCE8A003A7521 /* Frameworks */,
				C35331DC1B7BCE8A003A7521 /* CopyFiles */,
			);
			buildRules = (
			);
			dependencies = (
			);
			name = Bugsee;
			productName = Bugsee;
			productReference = C35331DE1B7BCE8A003A7521 /* libBugsee.a */;
			productType = "com.apple.product-type.library.static";
		};
/* End PBXNativeTarget section */

/* Begin PBXProject section */
		C35331D61B7BCE8A003A7521 /* Project object */ = {
			isa = PBXProject;
			attributes = {
				LastUpgradeCheck = 0640;
				ORGANIZATIONNAME = marpies;
				TargetAttributes = {
					C35331DD1B7BCE8A003A7521 = {
						CreatedOnToolsVersion = 6.4;
					};
				};
			};
			buildConfigurationList = C35331D91B7BCE8A003A7521 /* Build configuration list for PBXProject "Bugsee" */;
			compatibilityVersion = "Xcode 3.2";
			developmentRegion = English;
			hasScannedForEncodings = 0;
			knownRegions = (
				en,
			);
			mainGroup = C35331D51B7BCE8A003A7521;
			productRefGroup = C35331DF1B7BCE8A003A7521 /* Products */;
			projectDirPath = "";
			projectRoot = "";
			targets = (
				C35331DD1B7BCE8A003A7521 /* Bugsee */,
			);
		};
/* End PBXProject section */

/* Begin PBXSourcesBuildPhase section */
		C35331DA1B7BCE8A003A7521 /* Sources */ = {
			isa = PBXSourcesBuildPhase;
			buildActionMask = 2147483647;
			files = (
				C3DD09392244C2C00071728A /* SetDefaultFeedbackGreetingFunc.m in Sources */,
				C3EA008021A9EE5200D5804A /* AddAttachmentFunc.m in Sources */,
				C3EA008E21AAA1A200D5804A /* LogToConsoleFunc.m in Sources */,
				C3EA009121AAA3F900D5804A /* AIRBugseeAttachment.m in Sources */,
				C3EA007A21A9EE2200D5804A /* LogErrorFunc.m in Sources */,
				C3EA008921A9EE8B00D5804A /* ClearAttributesFunc.m in Sources */,
				C3EA007D21A9EE3B00D5804A /* LogEventFunc.m in Sources */,
				C3073AE81BE2C77C00EC89B7 /* InitFunc.m in Sources */,
				C3DD09362244C0B70071728A /* ShowFeedbackControllerFunc.m in Sources */,
				C3073AE41BE2C77C00EC89B7 /* AIRBugsee.m in Sources */,
				C3EA008321A9EE6400D5804A /* SetAttributeFunc.m in Sources */,
				C3EA008621A9EE7B00D5804A /* ClearAttributeFunc.m in Sources */,
				C3CEC8AF21AC4F550031C8C0 /* RelaunchFunc.m in Sources */,
				C3EA009421AAA84000D5804A /* IsTestFlightFunc.m in Sources */,
				C3EA009721AADE5800D5804A /* StopFunc.m in Sources */,
			);
			runOnlyForDeploymentPostprocessing = 0;
		};
/* End PBXSourcesBuildPhase section */

/* Begin XCBuildConfiguration section */
		C35331F01B7BCE8A003A7521 /* Debug */ = {
			isa = XCBuildConfiguration;
			buildSettings = {
				ALWAYS_SEARCH_USER_PATHS = NO;
				CLANG_CXX_LANGUAGE_STANDARD = "gnu++0x";
				CLANG_CXX_LIBRARY = "libc++";
				CLANG_ENABLE_MODULES = YES;
				CLANG_ENABLE_OBJC_ARC = YES;
				CLANG_WARN_BOOL_CONVERSION = YES;
				CLANG_WARN_CONSTANT_CONVERSION = YES;
				CLANG_WARN_DIRECT_OBJC_ISA_USAGE = YES_ERROR;
				CLANG_WARN_EMPTY_BODY = YES;
				CLANG_WARN_ENUM_CONVERSION = YES;
				CLANG_WARN_INT_CONVERSION = YES;
				CLANG_WARN_OBJC_ROOT_CLASS = YES_ERROR;
				CLANG_WARN_UNREACHABLE_CODE = YES;
				CLANG_WARN__DUPLICATE_METHOD_MATCH = YES;
				COPY_PHASE_STRIP = NO;
				DEBUG_INFORMATION_FORMAT = "dwarf-with-dsym";
				ENABLE_STRICT_OBJC_MSGSEND = YES;
				GCC_C_LANGUAGE_STANDARD = gnu99;
				GCC_DYNAMIC_NO_PIC = NO;
				GCC_NO_COMMON_BLOCKS = YES;
				GCC_OPTIMIZATION_LEVEL = 0;
				GCC_PREPROCESSOR_DEFINITIONS = (
					"DEBUG=1",
					"$(inherited)",
				);
				GCC_SYMBOLS_PRIVATE_EXTERN = NO;
				GCC_WARN_64_TO_32_BIT_CONVERSION = YES;
				GCC_WARN_ABOUT_RETURN_TYPE = YES_ERROR;
				GCC_WARN_UNDECLARED_SELECTOR = YES;
				GCC_WARN_UNINITIALIZED_AUTOS = YES_AGGRESSIVE;
				GCC_WARN_UNUSED_FUNCTION = YES;
				GCC_WARN_UNUSED_VARIABLE = YES;
				IPHONEOS_DEPLOYMENT_TARGET = 8.0;
				MTL_ENABLE_DEBUG_INFO = YES;
				ONLY_ACTIVE_ARCH = YES;
				SDKROOT = iphoneos;
			};
			name = Debug;
		};
		C35331F11B7BCE8A003A7521 /* Release */ = {
			isa = XCBuildConfiguration;
			buildSettings = {
				ALWAYS_SEARCH_USER_PATHS = NO;
				CLANG_CXX_LANGUAGE_STANDARD = "gnu++0x";
				CLANG_CXX_LIBRARY = "libc++";
				CLANG_ENABLE_MODULES = YES;
				CLANG_ENABLE_OBJC_ARC = YES;
				CLANG_WARN_BOOL_CONVERSION = YES;
				CLANG_WARN_CONSTANT_CONVERSION = YES;
				CLANG_WARN_DIRECT_OBJC_ISA_USAGE = YES_ERROR;
				CLANG_WARN_EMPTY_BODY = YES;
				CLANG_WARN_ENUM_CONVERSION = YES;
				CLANG_WARN_INT_CONVERSION = YES;
				CLANG_WARN_OBJC_ROOT_CLASS = YES_ERROR;
				CLANG_WARN_UNREACHABLE_CODE = YES;
				CLANG_WARN__DUPLICATE_METHOD_MATCH = YES;
				COPY_PHASE_STRIP = NO;
				DEBUG_INFORMATION_FORMAT = "dwarf-with-dsym";
				ENABLE_NS_ASSERTIONS = NO;
				ENABLE_STRICT_OBJC_MSGSEND = YES;
				GCC_C_LANGUAGE_STANDARD = gnu99;
				GCC_NO_COMMON_BLOCKS = YES;
				GCC_WARN_64_TO_32_BIT_CONVERSION = YES;
				GCC_WARN_ABOUT_RETURN_TYPE = YES_ERROR;
				GCC_WARN_UNDECLARED_SELECTOR = YES;
				GCC_WARN_UNINITIALIZED_AUTOS = YES_AGGRESSIVE;
				GCC_WARN_UNUSED_FUNCTION = YES;
				GCC_WARN_UNUSED_VARIABLE = YES;
				IPHONEOS_DEPLOYMENT_TARGET = 8.0;
				MTL_ENABLE_DEBUG_INFO = NO;
				SDKROOT = iphoneos;
				VALIDATE_PRODUCT = YES;
			};
			name = Release;
		};
		C35331F31B7BCE8A003A7521 /* Debug */ = {
			isa = XCBuildConfiguration;
			buildSettings = {
				FRAMEWORK_SEARCH_PATHS = (
					"$(inherited)",
					"$(PROJECT_DIR)/Bugsee/Frameworks",
				);
				IPHONEOS_DEPLOYMENT_TARGET = 8.0;
				OTHER_LDFLAGS = "-ObjC";
				PRODUCT_NAME = "$(TARGET_NAME)";
				SDKROOT = iphoneos;
				SKIP_INSTALL = YES;
			};
			name = Debug;
		};
		C35331F41B7BCE8A003A7521 /* Release */ = {
			isa = XCBuildConfiguration;
			buildSettings = {
				FRAMEWORK_SEARCH_PATHS = (
					"$(inherited)",
					"$(PROJECT_DIR)/Bugsee/Frameworks",
				);
				IPHONEOS_DEPLOYMENT_TARGET = 8.0;
				OTHER_LDFLAGS = "-ObjC";
				PRODUCT_NAME = "$(TARGET_NAME)";
				SDKROOT = iphoneos;
				SKIP_INSTALL = YES;
			};
			name = Release;
		};
/* End XCBuildConfiguration section */

/* Begin XCConfigurationList section */
		C35331D91B7BCE8A003A7521 /* Build configuration list for PBXProject "Bugsee" */ = {
			isa = XCConfigurationList;
			buildConfigurations = (
				C35331F01B7BCE8A003A7521 /* Debug */,
				C35331F11B7BCE8A003A7521 /* Release */,
			);
			defaultConfigurationIsVisible = 0;
			defaultConfigurationName = Release;
		};
		C35331F21B7BCE8A003A7521 /* Build configuration list for PBXNativeTarget "Bugsee" */ = {
			isa = XCConfigurationList;
			buildConfigurations = (
				C35331F31B7BCE8A003A7521 /* Debug */,
				C35331F41B7BCE8A003A7521 /* Release */,
			);
			defaultConfigurationIsVisible = 0;
			defaultConfigurationName = Release;
		};
/* End XCConfigurationList section */
	};
	rootObject = C35331D61B7BCE8A003A7521 /* Project object */;
}
